
Microsoft Visual Studio Solution File, Format Version 12.00
# Visual Studio Version 17
VisualStudioVersion = 17.8.34525.116
MinimumVisualStudioVersion = 10.0.40219.1
Project("{9A19103F-16F7-4668-BE54-9A1E7A4F7556}") = "Data", "Data\Data.csproj", "{0D89BBF3-512D-4860-91D7-12187FD24E3F}"
EndProject
Project("{9A19103F-16F7-4668-BE54-9A1E7A4F7556}") = "Domain", "Domain\Domain.csproj", "{B871D3EF-541F-4959-9077-50722138976B}"
	ProjectSection(ProjectDependencies) = postProject
		{0D89BBF3-512D-4860-91D7-12187FD24E3F} = {0D89BBF3-512D-4860-91D7-12187FD24E3F}
	EndProjectSection
EndProject
Project("{9A19103F-16F7-4668-BE54-9A1E7A4F7556}") = "API", "API\API.csproj", "{BE9FA569-BF2E-4F18-9ECA-67226B922669}"
	ProjectSection(ProjectDependencies) = postProject
		{0D89BBF3-512D-4860-91D7-12187FD24E3F} = {0D89BBF3-512D-4860-91D7-12187FD24E3F}
		{B871D3EF-541F-4959-9077-50722138976B} = {B871D3EF-541F-4959-9077-50722138976B}
	EndProjectSection
EndProject
Project("{FAE04EC0-301F-11D3-BF4B-00C04F79EFBC}") = "UnitTests", "UnitTests\UnitTests.csproj", "{972BF809-EA20-49A0-B330-68B7DFD7387E}"
	ProjectSection(ProjectDependencies) = postProject
		{B871D3EF-541F-4959-9077-50722138976B} = {B871D3EF-541F-4959-9077-50722138976B}
		{BE9FA569-BF2E-4F18-9ECA-67226B922669} = {BE9FA569-BF2E-4F18-9ECA-67226B922669}
	EndProjectSection
EndProject
Global
	GlobalSection(SolutionConfigurationPlatforms) = preSolution
		Debug|Any CPU = Debug|Any CPU
		Release|Any CPU = Release|Any CPU
	EndGlobalSection
	GlobalSection(ProjectConfigurationPlatforms) = postSolution
		{0D89BBF3-512D-4860-91D7-12187FD24E3F}.Debug|Any CPU.ActiveCfg = Debug|Any CPU
		{0D89BBF3-512D-4860-91D7-12187FD24E3F}.Debug|Any CPU.Build.0 = Debug|Any CPU
		{0D89BBF3-512D-4860-91D7-12187FD24E3F}.Release|Any CPU.ActiveCfg = Release|Any CPU
		{0D89BBF3-512D-4860-91D7-12187FD24E3F}.Release|Any CPU.Build.0 = Release|Any CPU
		{B871D3EF-541F-4959-9077-50722138976B}.Debug|Any CPU.ActiveCfg = Debug|Any CPU
		{B871D3EF-541F-4959-9077-50722138976B}.Debug|Any CPU.Build.0 = Debug|Any CPU
		{B871D3EF-541F-4959-9077-50722138976B}.Release|Any CPU.ActiveCfg = Release|Any CPU
		{B871D3EF-541F-4959-9077-50722138976B}.Release|Any CPU.Build.0 = Release|Any CPU
		{BE9FA569-BF2E-4F18-9ECA-67226B922669}.Debug|Any CPU.ActiveCfg = Debug|Any CPU
		{BE9FA569-BF2E-4F18-9ECA-67226B922669}.Debug|Any CPU.Build.0 = Debug|Any CPU
		{BE9FA569-BF2E-4F18-9ECA-67226B922669}.Release|Any CPU.ActiveCfg = Release|Any CPU
		{BE9FA569-BF2E-4F18-9ECA-67226B922669}.Release|Any CPU.Build.0 = Release|Any CPU
		{972BF809-EA20-49A0-B330-68B7DFD7387E}.Debug|Any CPU.ActiveCfg = Debug|Any CPU
		{972BF809-EA20-49A0-B330-68B7DFD7387E}.Debug|Any CPU.Build.0 = Debug|Any CPU
		{972BF809-EA20-49A0-B330-68B7DFD7387E}.Release|Any CPU.ActiveCfg = Release|Any CPU
		{972BF809-EA20-49A0-B330-68B7DFD7387E}.Release|Any CPU.Build.0 = Release|Any CPU
	EndGlobalSection
	GlobalSection(SolutionProperties) = preSolution
		HideSolutionNode = FALSE
	EndGlobalSection
	GlobalSection(ExtensibilityGlobals) = postSolution
		SolutionGuid = {922C32EF-95A0-42F0-960B-ADFE1FB5E822}
	EndGlobalSection
EndGlobal
